// !$*UTF8*$!
{
	archiveVersion = 1;
	classes = {
	};
	objectVersion = 56;
	objects = {

/* Begin PBXBuildFile section */
		095B32022BC3A87D0083F311 /* JsonResponse.geojson in Resources */ = {isa = PBXBuildFile; fileRef = 095B32012BC3A8500083F311 /* JsonResponse.geojson */; };
		09F1FF7B2BC2185100BF2DCB /* DisplayListAsyncAwaitWithProtocolApp.swift in Sources */ = {isa = PBXBuildFile; fileRef = 09F1FF7A2BC2185100BF2DCB /* DisplayListAsyncAwaitWithProtocolApp.swift */; };
		09F1FF7D2BC2185100BF2DCB /* ContentView.swift in Sources */ = {isa = PBXBuildFile; fileRef = 09F1FF7C2BC2185100BF2DCB /* ContentView.swift */; };
		09F1FF7F2BC2185300BF2DCB /* Assets.xcassets in Resources */ = {isa = PBXBuildFile; fileRef = 09F1FF7E2BC2185300BF2DCB /* Assets.xcassets */; };
		09F1FF822BC2185300BF2DCB /* Preview Assets.xcassets in Resources */ = {isa = PBXBuildFile; fileRef = 09F1FF812BC2185300BF2DCB /* Preview Assets.xcassets */; };
		09F1FF8F2BC21A9B00BF2DCB /* AcronymList.swift in Sources */ = {isa = PBXBuildFile; fileRef = 09F1FF8E2BC21A9B00BF2DCB /* AcronymList.swift */; };
		09F1FF912BC21B1000BF2DCB /* NetworkingService.swift in Sources */ = {isa = PBXBuildFile; fileRef = 09F1FF902BC21B1000BF2DCB /* NetworkingService.swift */; };
		09F1FF942BC21B6600BF2DCB /* BuildURLConstants.swift in Sources */ = {isa = PBXBuildFile; fileRef = 09F1FF932BC21B6600BF2DCB /* BuildURLConstants.swift */; };
		09F1FF962BC23E0100BF2DCB /* CustomErrors.swift in Sources */ = {isa = PBXBuildFile; fileRef = 09F1FF952BC23E0100BF2DCB /* CustomErrors.swift */; };
		09F1FF982BC2431600BF2DCB /* ContentViewModel.swift in Sources */ = {isa = PBXBuildFile; fileRef = 09F1FF972BC2431600BF2DCB /* ContentViewModel.swift */; };
		09F1FF9B2BC25C7300BF2DCB /* NetworkingServiceProtocol.swift in Sources */ = {isa = PBXBuildFile; fileRef = 09F1FF9A2BC25C7300BF2DCB /* NetworkingServiceProtocol.swift */; };
		09F1FF9E2BC25D0100BF2DCB /* MockNetworkingService.swift in Sources */ = {isa = PBXBuildFile; fileRef = 09F1FF9D2BC25D0100BF2DCB /* MockNetworkingService.swift */; };
/* End PBXBuildFile section */

/* Begin PBXFileReference section */
		095B32012BC3A8500083F311 /* JsonResponse.geojson */ = {isa = PBXFileReference; lastKnownFileType = text; path = JsonResponse.geojson; sourceTree = "<group>"; };
		09F1FF772BC2185100BF2DCB /* DisplayListAsyncAwaitWithProtocol.app */ = {isa = PBXFileReference; explicitFileType = wrapper.application; includeInIndex = 0; path = DisplayListAsyncAwaitWithProtocol.app; sourceTree = BUILT_PRODUCTS_DIR; };
		09F1FF7A2BC2185100BF2DCB /* DisplayListAsyncAwaitWithProtocolApp.swift */ = {isa = PBXFileReference; lastKnownFileType = sourcecode.swift; path = DisplayListAsyncAwaitWithProtocolApp.swift; sourceTree = "<group>"; };
		09F1FF7C2BC2185100BF2DCB /* ContentView.swift */ = {isa = PBXFileReference; lastKnownFileType = sourcecode.swift; path = ContentView.swift; sourceTree = "<group>"; };
		09F1FF7E2BC2185300BF2DCB /* Assets.xcassets */ = {isa = PBXFileReference; lastKnownFileType = folder.assetcatalog; path = Assets.xcassets; sourceTree = "<group>"; };
		09F1FF812BC2185300BF2DCB /* Preview Assets.xcassets */ = {isa = PBXFileReference; lastKnownFileType = folder.assetcatalog; path = "Preview Assets.xcassets"; sourceTree = "<group>"; };
		09F1FF882BC218AA00BF2DCB /* Info.plist */ = {isa = PBXFileReference; lastKnownFileType = text.plist; path = Info.plist; sourceTree = "<group>"; };
		09F1FF8E2BC21A9B00BF2DCB /* AcronymList.swift */ = {isa = PBXFileReference; lastKnownFileType = sourcecode.swift; path = AcronymList.swift; sourceTree = "<group>"; };
		09F1FF902BC21B1000BF2DCB /* NetworkingService.swift */ = {isa = PBXFileReference; lastKnownFileType = sourcecode.swift; path = NetworkingService.swift; sourceTree = "<group>"; };
		09F1FF932BC21B6600BF2DCB /* BuildURLConstants.swift */ = {isa = PBXFileReference; lastKnownFileType = sourcecode.swift; path = BuildURLConstants.swift; sourceTree = "<group>"; };
		09F1FF952BC23E0100BF2DCB /* CustomErrors.swift */ = {isa = PBXFileReference; lastKnownFileType = sourcecode.swift; path = CustomErrors.swift; sourceTree = "<group>"; };
		09F1FF972BC2431600BF2DCB /* ContentViewModel.swift */ = {isa = PBXFileReference; lastKnownFileType = sourcecode.swift; path = ContentViewModel.swift; sourceTree = "<group>"; };
		09F1FF9A2BC25C7300BF2DCB /* NetworkingServiceProtocol.swift */ = {isa = PBXFileReference; lastKnownFileType = sourcecode.swift; path = NetworkingServiceProtocol.swift; sourceTree = "<group>"; };
		09F1FF9D2BC25D0100BF2DCB /* MockNetworkingService.swift */ = {isa = PBXFileReference; lastKnownFileType = sourcecode.swift; path = MockNetworkingService.swift; sourceTree = "<group>"; };
/* End PBXFileReference section */

/* Begin PBXFrameworksBuildPhase section */
		09F1FF742BC2185100BF2DCB /* Frameworks */ = {
			isa = PBXFrameworksBuildPhase;
			buildActionMask = 2147483647;
			files = (
			);
			runOnlyForDeploymentPostprocessing = 0;
		};
/* End PBXFrameworksBuildPhase section */

/* Begin PBXGroup section */
		09F1FF6E2BC2185100BF2DCB = {
			isa = PBXGroup;
			children = (
				09F1FF792BC2185100BF2DCB /* DisplayListAsyncAwaitWithProtocol */,
				09F1FF782BC2185100BF2DCB /* Products */,
			);
			sourceTree = "<group>";
		};
		09F1FF782BC2185100BF2DCB /* Products */ = {
			isa = PBXGroup;
			children = (
				09F1FF772BC2185100BF2DCB /* DisplayListAsyncAwaitWithProtocol.app */,
			);
			name = Products;
			sourceTree = "<group>";
		};
		09F1FF792BC2185100BF2DCB /* DisplayListAsyncAwaitWithProtocol */ = {
			isa = PBXGroup;
			children = (
				09F1FF992BC25C2800BF2DCB /* Protocols */,
				09F1FF922BC21B4E00BF2DCB /* Constants */,
				09F1FF8D2BC2193C00BF2DCB /* Models */,
				09F1FF8B2BC2191800BF2DCB /* NetworkingService */,
				09F1FF8A2BC2190C00BF2DCB /* ViewModels */,
				09F1FF892BC218E800BF2DCB /* Views */,
				09F1FF882BC218AA00BF2DCB /* Info.plist */,
				09F1FF7A2BC2185100BF2DCB /* DisplayListAsyncAwaitWithProtocolApp.swift */,
				09F1FF7E2BC2185300BF2DCB /* Assets.xcassets */,
				09F1FF802BC2185300BF2DCB /* Preview Content */,
			);
			path = DisplayListAsyncAwaitWithProtocol;
			sourceTree = "<group>";
		};
		09F1FF802BC2185300BF2DCB /* Preview Content */ = {
			isa = PBXGroup;
			children = (
				09F1FF812BC2185300BF2DCB /* Preview Assets.xcassets */,
			);
			path = "Preview Content";
			sourceTree = "<group>";
		};
		09F1FF892BC218E800BF2DCB /* Views */ = {
			isa = PBXGroup;
			children = (
				09F1FF7C2BC2185100BF2DCB /* ContentView.swift */,
			);
			path = Views;
			sourceTree = "<group>";
		};
		09F1FF8A2BC2190C00BF2DCB /* ViewModels */ = {
			isa = PBXGroup;
			children = (
				09F1FF972BC2431600BF2DCB /* ContentViewModel.swift */,
			);
			path = ViewModels;
			sourceTree = "<group>";
		};
		09F1FF8B2BC2191800BF2DCB /* NetworkingService */ = {
			isa = PBXGroup;
			children = (
				09F1FF902BC21B1000BF2DCB /* NetworkingService.swift */,
				09F1FF9D2BC25D0100BF2DCB /* MockNetworkingService.swift */,
			);
			path = NetworkingService;
			sourceTree = "<group>";
		};
		09F1FF8D2BC2193C00BF2DCB /* Models */ = {
			isa = PBXGroup;
			children = (
				09F1FF8E2BC21A9B00BF2DCB /* AcronymList.swift */,
				095B32012BC3A8500083F311 /* JsonResponse.geojson */,
			);
			path = Models;
			sourceTree = "<group>";
		};
		09F1FF922BC21B4E00BF2DCB /* Constants */ = {
			isa = PBXGroup;
			children = (
				09F1FF932BC21B6600BF2DCB /* BuildURLConstants.swift */,
				09F1FF952BC23E0100BF2DCB /* CustomErrors.swift */,
			);
			path = Constants;
			sourceTree = "<group>";
		};
		09F1FF992BC25C2800BF2DCB /* Protocols */ = {
			isa = PBXGroup;
			children = (
				09F1FF9A2BC25C7300BF2DCB /* NetworkingServiceProtocol.swift */,
			);
			path = Protocols;
			sourceTree = "<group>";
		};
/* End PBXGroup section */

/* Begin PBXNativeTarget section */
		09F1FF762BC2185100BF2DCB /* DisplayListAsyncAwaitWithProtocol */ = {
			isa = PBXNativeTarget;
			buildConfigurationList = 09F1FF852BC2185300BF2DCB /* Build configuration list for PBXNativeTarget "DisplayListAsyncAwaitWithProtocol" */;
			buildPhases = (
				09F1FF732BC2185100BF2DCB /* Sources */,
				09F1FF742BC2185100BF2DCB /* Frameworks */,
				09F1FF752BC2185100BF2DCB /* Resources */,
			);
			buildRules = (
			);
			dependencies = (
			);
			name = DisplayListAsyncAwaitWithProtocol;
			productName = DisplayListAsyncAwaitWithProtocol;
			productReference = 09F1FF772BC2185100BF2DCB /* DisplayListAsyncAwaitWithProtocol.app */;
			productType = "com.apple.product-type.application";
		};
/* End PBXNativeTarget section */

/* Begin PBXProject section */
		09F1FF6F2BC2185100BF2DCB /* Project object */ = {
			isa = PBXProject;
			attributes = {
				BuildIndependentTargetsInParallel = 1;
				LastSwiftUpdateCheck = 1530;
				LastUpgradeCheck = 1530;
				TargetAttributes = {
					09F1FF762BC2185100BF2DCB = {
						CreatedOnToolsVersion = 15.3;
					};
				};
			};
			buildConfigurationList = 09F1FF722BC2185100BF2DCB /* Build configuration list for PBXProject "DisplayListAsyncAwaitWithProtocol" */;
			compatibilityVersion = "Xcode 14.0";
			developmentRegion = en;
			hasScannedForEncodings = 0;
			knownRegions = (
				en,
				Base,
			);
			mainGroup = 09F1FF6E2BC2185100BF2DCB;
			productRefGroup = 09F1FF782BC2185100BF2DCB /* Products */;
			projectDirPath = "";
			projectRoot = "";
			targets = (
				09F1FF762BC2185100BF2DCB /* DisplayListAsyncAwaitWithProtocol */,
			);
		};
/* End PBXProject section */

/* Begin PBXResourcesBuildPhase section */
		09F1FF752BC2185100BF2DCB /* Resources */ = {
			isa = PBXResourcesBuildPhase;
			buildActionMask = 2147483647;
			files = (
				095B32022BC3A87D0083F311 /* JsonResponse.geojson in Resources */,
				09F1FF822BC2185300BF2DCB /* Preview Assets.xcassets in Resources */,
				09F1FF7F2BC2185300BF2DCB /* Assets.xcassets in Resources */,
			);
			runOnlyForDeploymentPostprocessing = 0;
		};
/* End PBXResourcesBuildPhase section */

/* Begin PBXSourcesBuildPhase section */
		09F1FF732BC2185100BF2DCB /* Sources */ = {
			isa = PBXSourcesBuildPhase;
			buildActionMask = 2147483647;
			files = (
				09F1FF8F2BC21A9B00BF2DCB /* AcronymList.swift in Sources */,
				09F1FF962BC23E0100BF2DCB /* CustomErrors.swift in Sources */,
				09F1FF7D2BC2185100BF2DCB /* ContentView.swift in Sources */,
				09F1FF982BC2431600BF2DCB /* ContentViewModel.swift in Sources */,
				09F1FF942BC21B6600BF2DCB /* BuildURLConstants.swift in Sources */,
				09F1FF9E2BC25D0100BF2DCB /* MockNetworkingService.swift in Sources */,
				09F1FF9B2BC25C7300BF2DCB /* NetworkingServiceProtocol.swift in Sources */,
				09F1FF7B2BC2185100BF2DCB /* DisplayListAsyncAwaitWithProtocolApp.swift in Sources */,
				09F1FF912BC21B1000BF2DCB /* NetworkingService.swift in Sources */,
			);
			runOnlyForDeploymentPostprocessing = 0;
		};
/* End PBXSourcesBuildPhase section */

/* Begin XCBuildConfiguration section */
		09F1FF832BC2185300BF2DCB /* Debug */ = {
			isa = XCBuildConfiguration;
			buildSettings = {
				ALWAYS_SEARCH_USER_PATHS = NO;
				ASSETCATALOG_COMPILER_GENERATE_SWIFT_ASSET_SYMBOL_EXTENSIONS = YES;
				CLANG_ANALYZER_NONNULL = YES;
				CLANG_ANALYZER_NUMBER_OBJECT_CONVERSION = YES_AGGRESSIVE;
				CLANG_CXX_LANGUAGE_STANDARD = "gnu++20";
				CLANG_ENABLE_MODULES = YES;
				CLANG_ENABLE_OBJC_ARC = YES;
				CLANG_ENABLE_OBJC_WEAK = YES;
				CLANG_WARN_BLOCK_CAPTURE_AUTORELEASING = YES;
				CLANG_WARN_BOOL_CONVERSION = YES;
				CLANG_WARN_COMMA = YES;
				CLANG_WARN_CONSTANT_CONVERSION = YES;
				CLANG_WARN_DEPRECATED_OBJC_IMPLEMENTATIONS = YES;
				CLANG_WARN_DIRECT_OBJC_ISA_USAGE = YES_ERROR;
				CLANG_WARN_DOCUMENTATION_COMMENTS = YES;
				CLANG_WARN_EMPTY_BODY = YES;
				CLANG_WARN_ENUM_CONVERSION = YES;
				CLANG_WARN_INFINITE_RECURSION = YES;
				CLANG_WARN_INT_CONVERSION = YES;
				CLANG_WARN_NON_LITERAL_NULL_CONVERSION = YES;
				CLANG_WARN_OBJC_IMPLICIT_RETAIN_SELF = YES;
				CLANG_WARN_OBJC_LITERAL_CONVERSION = YES;
				CLANG_WARN_OBJC_ROOT_CLASS = YES_ERROR;
				CLANG_WARN_QUOTED_INCLUDE_IN_FRAMEWORK_HEADER = YES;
				CLANG_WARN_RANGE_LOOP_ANALYSIS = YES;
				CLANG_WARN_STRICT_PROTOTYPES = YES;
				CLANG_WARN_SUSPICIOUS_MOVE = YES;
				CLANG_WARN_UNGUARDED_AVAILABILITY = YES_AGGRESSIVE;
				CLANG_WARN_UNREACHABLE_CODE = YES;
				CLANG_WARN__DUPLICATE_METHOD_MATCH = YES;
				COPY_PHASE_STRIP = NO;
				DEBUG_INFORMATION_FORMAT = dwarf;
				ENABLE_STRICT_OBJC_MSGSEND = YES;
				ENABLE_TESTABILITY = YES;
				ENABLE_USER_SCRIPT_SANDBOXING = YES;
				GCC_C_LANGUAGE_STANDARD = gnu17;
				GCC_DYNAMIC_NO_PIC = NO;
				GCC_NO_COMMON_BLOCKS = YES;
				GCC_OPTIMIZATION_LEVEL = 0;
				GCC_PREPROCESSOR_DEFINITIONS = (
					"DEBUG=1",
					"$(inherited)",
				);
				GCC_WARN_64_TO_32_BIT_CONVERSION = YES;
				GCC_WARN_ABOUT_RETURN_TYPE = YES_ERROR;
				GCC_WARN_UNDECLARED_SELECTOR = YES;
				GCC_WARN_UNINITIALIZED_AUTOS = YES_AGGRESSIVE;
				GCC_WARN_UNUSED_FUNCTION = YES;
				GCC_WARN_UNUSED_VARIABLE = YES;
				IPHONEOS_DEPLOYMENT_TARGET = 17.4;
				LOCALIZATION_PREFERS_STRING_CATALOGS = YES;
				MTL_ENABLE_DEBUG_INFO = INCLUDE_SOURCE;
				MTL_FAST_MATH = YES;
				ONLY_ACTIVE_ARCH = YES;
				SDKROOT = iphoneos;
				SWIFT_ACTIVE_COMPILATION_CONDITIONS = "DEBUG $(inherited)";
				SWIFT_OPTIMIZATION_LEVEL = "-Onone";
			};
			name = Debug;
		};
		09F1FF842BC2185300BF2DCB /* Release */ = {
			isa = XCBuildConfiguration;
			buildSettings = {
				ALWAYS_SEARCH_USER_PATHS = NO;
				ASSETCATALOG_COMPILER_GENERATE_SWIFT_ASSET_SYMBOL_EXTENSIONS = YES;
				CLANG_ANALYZER_NONNULL = YES;
				CLANG_ANALYZER_NUMBER_OBJECT_CONVERSION = YES_AGGRESSIVE;
				CLANG_CXX_LANGUAGE_STANDARD = "gnu++20";
				CLANG_ENABLE_MODULES = YES;
				CLANG_ENABLE_OBJC_ARC = YES;
				CLANG_ENABLE_OBJC_WEAK = YES;
				CLANG_WARN_BLOCK_CAPTURE_AUTORELEASING = YES;
				CLANG_WARN_BOOL_CONVERSION = YES;
				CLANG_WARN_COMMA = YES;
				CLANG_WARN_CONSTANT_CONVERSION = YES;
				CLANG_WARN_DEPRECATED_OBJC_IMPLEMENTATIONS = YES;
				CLANG_WARN_DIRECT_OBJC_ISA_USAGE = YES_ERROR;
				CLANG_WARN_DOCUMENTATION_COMMENTS = YES;
				CLANG_WARN_EMPTY_BODY = YES;
				CLANG_WARN_ENUM_CONVERSION = YES;
				CLANG_WARN_INFINITE_RECURSION = YES;
				CLANG_WARN_INT_CONVERSION = YES;
				CLANG_WARN_NON_LITERAL_NULL_CONVERSION = YES;
				CLANG_WARN_OBJC_IMPLICIT_RETAIN_SELF = YES;
				CLANG_WARN_OBJC_LITERAL_CONVERSION = YES;
				CLANG_WARN_OBJC_ROOT_CLASS = YES_ERROR;
				CLANG_WARN_QUOTED_INCLUDE_IN_FRAMEWORK_HEADER = YES;
				CLANG_WARN_RANGE_LOOP_ANALYSIS = YES;
				CLANG_WARN_STRICT_PROTOTYPES = YES;
				CLANG_WARN_SUSPICIOUS_MOVE = YES;
				CLANG_WARN_UNGUARDED_AVAILABILITY = YES_AGGRESSIVE;
				CLANG_WARN_UNREACHABLE_CODE = YES;
				CLANG_WARN__DUPLICATE_METHOD_MATCH = YES;
				COPY_PHASE_STRIP = NO;
				DEBUG_INFORMATION_FORMAT = "dwarf-with-dsym";
				ENABLE_NS_ASSERTIONS = NO;
				ENABLE_STRICT_OBJC_MSGSEND = YES;
				ENABLE_USER_SCRIPT_SANDBOXING = YES;
				GCC_C_LANGUAGE_STANDARD = gnu17;
				GCC_NO_COMMON_BLOCKS = YES;
				GCC_WARN_64_TO_32_BIT_CONVERSION = YES;
				GCC_WARN_ABOUT_RETURN_TYPE = YES_ERROR;
				GCC_WARN_UNDECLARED_SELECTOR = YES;
				GCC_WARN_UNINITIALIZED_AUTOS = YES_AGGRESSIVE;
				GCC_WARN_UNUSED_FUNCTION = YES;
				GCC_WARN_UNUSED_VARIABLE = YES;
				IPHONEOS_DEPLOYMENT_TARGET = 17.4;
				LOCALIZATION_PREFERS_STRING_CATALOGS = YES;
				MTL_ENABLE_DEBUG_INFO = NO;
				MTL_FAST_MATH = YES;
				SDKROOT = iphoneos;
				SWIFT_COMPILATION_MODE = wholemodule;
				VALIDATE_PRODUCT = YES;
			};
			name = Release;
		};
		09F1FF862BC2185300BF2DCB /* Debug */ = {
			isa = XCBuildConfiguration;
			buildSettings = {
				ASSETCATALOG_COMPILER_APPICON_NAME = AppIcon;
				ASSETCATALOG_COMPILER_GLOBAL_ACCENT_COLOR_NAME = AccentColor;
				CODE_SIGN_STYLE = Automatic;
				CURRENT_PROJECT_VERSION = 1;
				DEVELOPMENT_ASSET_PATHS = "\"DisplayListAsyncAwaitWithProtocol/Preview Content\"";
				DEVELOPMENT_TEAM = 93TAG27MAJ;
				ENABLE_PREVIEWS = YES;
				GENERATE_INFOPLIST_FILE = YES;
				INFOPLIST_FILE = DisplayListAsyncAwaitWithProtocol/Info.plist;
				INFOPLIST_KEY_UIApplicationSceneManifest_Generation = YES;
				INFOPLIST_KEY_UIApplicationSupportsIndirectInputEvents = YES;
				INFOPLIST_KEY_UILaunchScreen_Generation = YES;
				INFOPLIST_KEY_UISupportedInterfaceOrientations_iPad = "UIInterfaceOrientationPortrait UIInterfaceOrientationPortraitUpsideDown UIInterfaceOrientationLandscapeLeft UIInterfaceOrientationLandscapeRight";
				INFOPLIST_KEY_UISupportedInterfaceOrientations_iPhone = "UIInterfaceOrientationPortrait UIInterfaceOrientationLandscapeLeft UIInterfaceOrientationLandscapeRight";
				LD_RUNPATH_SEARCH_PATHS = (
					"$(inherited)",
					"@executable_path/Frameworks",
				);
				MARKETING_VERSION = 1.0;
				PRODUCT_BUNDLE_IDENTIFIER = pragmatic.DisplayListAsyncAwaitWithProtocol;
				PRODUCT_NAME = "$(TARGET_NAME)";
				SWIFT_EMIT_LOC_STRINGS = YES;
				SWIFT_VERSION = 5.0;
				TARGETED_DEVICE_FAMILY = "1,2";
			};
			name = Debug;
		};
		09F1FF872BC2185300BF2DCB /* Release */ = {
			isa = XCBuildConfiguration;
			buildSettings = {
				ASSETCATALOG_COMPILER_APPICON_NAME = AppIcon;
				ASSETCATALOG_COMPILER_GLOBAL_ACCENT_COLOR_NAME = AccentColor;
				CODE_SIGN_STYLE = Automatic;
				CURRENT_PROJECT_VERSION = 1;
				DEVELOPMENT_ASSET_PATHS = "\"DisplayListAsyncAwaitWithProtocol/Preview Content\"";
				DEVELOPMENT_TEAM = 93TAG27MAJ;
				ENABLE_PREVIEWS = YES;
				GENERATE_INFOPLIST_FILE = YES;
				INFOPLIST_FILE = DisplayListAsyncAwaitWithProtocol/Info.plist;
				INFOPLIST_KEY_UIApplicationSceneManifest_Generation = YES;
				INFOPLIST_KEY_UIApplicationSupportsIndirectInputEvents = YES;
				INFOPLIST_KEY_UILaunchScreen_Generation = YES;
				INFOPLIST_KEY_UISupportedInterfaceOrientations_iPad = "UIInterfaceOrientationPortrait UIInterfaceOrientationPortraitUpsideDown UIInterfaceOrientationLandscapeLeft UIInterfaceOrientationLandscapeRight";
				INFOPLIST_KEY_UISupportedInterfaceOrientations_iPhone = "UIInterfaceOrientationPortrait UIInterfaceOrientationLandscapeLeft UIInterfaceOrientationLandscapeRight";
				LD_RUNPATH_SEARCH_PATHS = (
					"$(inherited)",
					"@executable_path/Frameworks",
				);
				MARKETING_VERSION = 1.0;
				PRODUCT_BUNDLE_IDENTIFIER = pragmatic.DisplayListAsyncAwaitWithProtocol;
				PRODUCT_NAME = "$(TARGET_NAME)";
				SWIFT_EMIT_LOC_STRINGS = YES;
				SWIFT_VERSION = 5.0;
				TARGETED_DEVICE_FAMILY = "1,2";
			};
			name = Release;
		};
/* End XCBuildConfiguration section */

/* Begin XCConfigurationList section */
		09F1FF722BC2185100BF2DCB /* Build configuration list for PBXProject "DisplayListAsyncAwaitWithProtocol" */ = {
			isa = XCConfigurationList;
			buildConfigurations = (
				09F1FF832BC2185300BF2DCB /* Debug */,
				09F1FF842BC2185300BF2DCB /* Release */,
			);
			defaultConfigurationIsVisible = 0;
			defaultConfigurationName = Release;
		};
		09F1FF852BC2185300BF2DCB /* Build configuration list for PBXNativeTarget "DisplayListAsyncAwaitWithProtocol" */ = {
			isa = XCConfigurationList;
			buildConfigurations = (
				09F1FF862BC2185300BF2DCB /* Debug */,
				09F1FF872BC2185300BF2DCB /* Release */,
			);
			defaultConfigurationIsVisible = 0;
			defaultConfigurationName = Release;
		};
/* End XCConfigurationList section */
	};
	rootObject = 09F1FF6F2BC2185100BF2DCB /* Project object */;
}
